{
  "name": "@realnghon/llm-apis",
  "version": "2.2.0",
  "lockfileVersion": 3,
  "requires": true,
  "packages": {
    "": {
      "name": "@realnghon/llm-apis",
      "version": "2.2.0",
      "license": "MIT",
      "dependencies": {
        "@ai-sdk/anthropic": "^3.0.103",
        "@ai-sdk/openai-compatible": "^2.0.62",
        "ai": "^6.0.235"
      },
      "devDependencies": {
        "@playwright/test": "^1.62.0"
      },
      "engines": {
        "node": ">=22.13.0"
      }
    },
    "node_modules/@ai-sdk/anthropic": {
      "version": "3.0.103",
      "resolved": "https://registry.npmmirror.com/@ai-sdk/anthropic/-/anthropic-3.0.103.tgz",
      "integrity": "sha512-aefFtdBHYowKccDaQdf2hX6kvIiqeShaOAPo3DujsaGH7m8lSW5GficJOhMCXpPBBv+4lZnEWrnIIyV5YeouDw==",
      "license": "Apache-2.0",
      "dependencies": {
        "@ai-sdk/provider": "3.0.14",
        "@ai-sdk/provider-utils": "4.0.40"
      },
      "engines": {
        "node": ">=18"
      },
      "peerDependencies": {
        "zod": "^3.25.76 || ^4.1.8"
      }
    },
    "node_modules/@ai-sdk/gateway": {
      "version": "3.0.157",
      "resolved": "https://registry.npmmirror.com/@ai-sdk/gateway/-/gateway-3.0.157.tgz",
      "integrity": "sha512-jO0LUsIQC+FeJRQI1KFiNcfTGp6a0lXrymekaXfBIvhVEOyt0NUyc9wiVi/dYGHQmWFXUo8QgmghgGAGLOPTAA==",
      "license": "Apache-2.0",
      "dependencies": {
        "@ai-sdk/provider": "3.0.14",
        "@ai-sdk/provider-utils": "4.0.40",
        "@vercel/oidc": "3.2.0"
      },
      "engines": {
        "node": ">=18"
      },
      "peerDependencies": {
        "zod": "^3.25.76 || ^4.1.8"
      }
    },
    "node_modules/@ai-sdk/openai-compatible": {
      "version": "2.0.62",
      "resolved": "https://registry.npmmirror.com/@ai-sdk/openai-compatible/-/openai-compatible-2.0.62.tgz",
      "integrity": "sha512-lRe54zvyIS1a60N8UVhnwKZRI5I+GSV8uhKkPpId+aiKO7z7UgSbNqFmXkBBMD3yc9UrLnQnATV2EQyXNhzEkA==",
      "license": "Apache-2.0",
      "dependencies": {
        "@ai-sdk/provider": "3.0.14",
        "@ai-sdk/provider-utils": "4.0.40"
      },
      "engines": {
        "node": ">=18"
      },
      "peerDependencies": {
        "zod": "^3.25.76 || ^4.1.8"
      }
    },
    "node_modules/@ai-sdk/provider": {
      "version": "3.0.14",
      "resolved": "https://registry.npmmirror.com/@ai-sdk/provider/-/provider-3.0.14.tgz",
      "integrity": "sha512-5X1k57JBJ4H7H1QjX7CnJYAB1I19r/trVZTMcSms7/kLNZ8RaU4Nt2agcwZzv82Hfx6Q7/TOLU7agAKeFfc8cA==",
      "license": "Apache-2.0",
      "dependencies": {
        "json-schema": "^0.4.0"
      },
      "engines": {
        "node": ">=18"
      }
    },
    "node_modules/@ai-sdk/provider-utils": {
      "version": "4.0.40",
      "resolved": "https://registry.npmmirror.com/@ai-sdk/provider-utils/-/provider-utils-4.0.40.tgz",
      "integrity": "sha512-OL5IrpUm9Y8Dwy+w/vvFwPotS6m52O9W0op2oXgXdCROMJIBalBI0oro6OIBYkPxvm5Xg02GSkoQN25RlR0bnw==",
      "license": "Apache-2.0",
      "dependencies": {
        "@ai-sdk/provider": "3.0.14",
        "@standard-schema/spec": "^1.1.0",
        "eventsource-parser": "^3.0.8"
      },
      "engines": {
        "node": ">=18"
      },
      "peerDependencies": {
        "zod": "^3.25.76 || ^4.1.8"
      }
    },
    "node_modules/@opentelemetry/api": {
      "version": "1.9.1",
      "resolved": "https://registry.npmmirror.com/@opentelemetry/api/-/api-1.9.1.tgz",
      "integrity": "sha512-gLyJlPHPZYdAk1JENA9LeHejZe1Ti77/pTeFm/nMXmQH/HFZlcS/O2XJB+L8fkbrNSqhdtlvjBVjxwUYanNH5Q==",
      "license": "Apache-2.0",
      "engines": {
        "node": ">=8.0.0"
      }
    },
    "node_modules/@playwright/test": {
      "version": "1.62.0",
      "resolved": "https://registry.npmmirror.com/@playwright/test/-/test-1.62.0.tgz",
      "integrity": "sha512-9zOJ6ZQRAena31MpOH9VSzIz8Ou3YJ/wtY/eQm5T2uhfhG7/U3COrMS8xOtUrZrp9OgdmzEnIYODye3nY1VqzA==",
      "dev": true,
      "license": "Apache-2.0",
      "dependencies": {
        "playwright": "1.62.0"
      },
      "bin": {
        "playwright": "cli.js"
      },
      "engines": {
        "node": ">=20"
      }
    },
    "node_modules/@standard-schema/spec": {
      "version": "1.1.0",
      "resolved": "https://registry.npmmirror.com/@standard-schema/spec/-/spec-1.1.0.tgz",
      "integrity": "sha512-l2aFy5jALhniG5HgqrD6jXLi/rUWrKvqN/qJx6yoJsgKhblVd+iqqU4RCXavm/jPityDo5TCvKMnpjKnOriy0w==",
      "license": "MIT"
    },
    "node_modules/@vercel/oidc": {
      "version": "3.2.0",
      "resolved": "https://registry.npmmirror.com/@vercel/oidc/-/oidc-3.2.0.tgz",
      "integrity": "sha512-UycprH3T6n3jH0k44NHMa7pnFHGu/N05MjojYr+Mc6I7obkoLIJujSWwin1pCvdy/eOxrI/l3uDLQsmcrOb4ug==",
      "license": "Apache-2.0",
      "engines": {
        "node": ">= 20"
      }
    },
    "node_modules/ai": {
      "version": "6.0.235",
      "resolved": "https://registry.npmmirror.com/ai/-/ai-6.0.235.tgz",
      "integrity": "sha512-Uyeuvowo20XChpFC0lUaQq8xf0Kg7OElA56fEjUYoeWMJIzqshDTz4S57KXobcJ4m+iDQxMeJoUj06CIxSLx7A==",
      "license": "Apache-2.0",
      "dependencies": {
        "@ai-sdk/gateway": "3.0.157",
        "@ai-sdk/provider": "3.0.14",
        "@ai-sdk/provider-utils": "4.0.40",
        "@opentelemetry/api": "^1.9.0"
      },
      "engines": {
        "node": ">=18"
      },
      "peerDependencies": {
        "zod": "^3.25.76 || ^4.1.8"
      }
    },
    "node_modules/eventsource-parser": {
      "version": "3.1.0",
      "resolved": "https://registry.npmmirror.com/eventsource-parser/-/eventsource-parser-3.1.0.tgz",
      "integrity": "sha512-kJezFj9YFAMLeORyi7aCLxLbD5/qWMQnoMVlVPyHIll7lgRJCc3JVln9Vgl9nwQi0YkMnhdGTMNn7CkRRAptMg==",
      "license": "MIT",
      "engines": {
        "node": ">=18.0.0"
      }
    },
    "node_modules/fsevents": {
      "version": "2.3.2",
      "resolved": "https://registry.npmmirror.com/fsevents/-/fsevents-2.3.2.tgz",
      "integrity": "sha512-xiqMQR4xAeHTuB9uWm+fFRcIOgKBMiOBP+eXiyT7jsgVCq1bkVygt00oASowB7EdtpOHaaPgKt812P9ab+DDKA==",
      "dev": true,
      "hasInstallScript": true,
      "license": "MIT",
      "optional": true,
      "os": [
        "darwin"
      ],
      "engines": {
        "node": "^8.16.0 || ^10.6.0 || >=11.0.0"
      }
    },
    "node_modules/json-schema": {
      "version": "0.4.0",
      "resolved": "https://registry.npmmirror.com/json-schema/-/json-schema-0.4.0.tgz",
      "integrity": "sha512-es94M3nTIfsEPisRafak+HDLfHXnKBhV3vU5eqPcS3flIWqcxJWgXHXiey3YrpaNsanY5ei1VoYEbOzijuq9BA==",
      "license": "(AFL-2.1 OR BSD-3-Clause)"
    },
    "node_modules/playwright": {
      "version": "1.62.0",
      "resolved": "https://registry.npmmirror.com/playwright/-/playwright-1.62.0.tgz",
      "integrity": "sha512-Z14dG305dgaLu6foB1TXQagFiW8JfSUIUaUuPaKQ6NtBPKF1P/qXcqfh6c6K/icPqdy37JmjbiBXf6JNg6Sylw==",
      "dev": true,
      "license": "Apache-2.0",
      "dependencies": {
        "playwright-core": "1.62.0"
      },
      "bin": {
        "playwright": "cli.js"
      },
      "engines": {
        "node": ">=20"
      },
      "optionalDependencies": {
        "fsevents": "2.3.2"
      }
    },
    "node_modules/playwright-core": {
      "version": "1.62.0",
      "resolved": "https://registry.npmmirror.com/playwright-core/-/playwright-core-1.62.0.tgz",
      "integrity": "sha512-nsNRyq0r2zsG8AcRHWknc9QRA5XCueC7gWMrs+Gx2tlZn9hcl8zudfh00lhJPY1DE7NmZ6bDsT9g2yey8mXljA==",
      "dev": true,
      "license": "Apache-2.0",
      "bin": {
        "playwright-core": "cli.js"
      },
      "engines": {
        "node": ">=20"
      }
    },
    "node_modules/zod": {
      "version": "4.4.3",
      "resolved": "https://registry.npmmirror.com/zod/-/zod-4.4.3.tgz",
      "integrity": "sha512-ytENFjIJFl2UwYglde2jchW2Hwm4GJFLDiSXWdTrJQBIN9Fcyp7n4DhxJEiWNAJMV1/BqWfW/kkg71UDcHJyTQ==",
      "license": "MIT",
      "peer": true,
      "funding": {
        "url": "https://github.com/sponsors/colinhacks"
      }
    }
  }
}
